
Microsoft Visual Studio Solution File, Format Version 12.00
# Visual Studio 15
VisualStudioVersion = 15.0.28307.645
MinimumVisualStudioVersion = 10.0.40219.1
Project("{9A19103F-16F7-4668-BE54-9A1E7A4F7556}") = "MedicalWeb", "MedicalWeb\MedicalWeb.csproj", "{C8BAB29F-F569-484C-9A6F-1786C4588FEA}"
EndProject
Project("{9A19103F-16F7-4668-BE54-9A1E7A4F7556}") = "ShareLibrary", "ShareLibrary\ShareLibrary.csproj", "{A186BECF-9DE2-4891-A6DA-F052BD0BC3F1}"
EndProject
Project("{FAE04EC0-301F-11D3-BF4B-00C04F79EFBC}") = "MedicalWpfClient", "MedicalWpfClient\MedicalWpfClient.csproj", "{09494D6B-D703-4E1D-AC49-7B2B4D84BF82}"
EndProject
Project("{FAE04EC0-301F-11D3-BF4B-00C04F79EFBC}") = "MedicalAndroidClient", "MedicalAndroidClient\MedicalAndroidClient.csproj", "{05D0820F-F5A8-4584-80D6-D227F90236AF}"
EndProject
Global
	GlobalSection(SolutionConfigurationPlatforms) = preSolution
		Debug|Any CPU = Debug|Any CPU
		Release|Any CPU = Release|Any CPU
	EndGlobalSection
	GlobalSection(ProjectConfigurationPlatforms) = postSolution
		{C8BAB29F-F569-484C-9A6F-1786C4588FEA}.Debug|Any CPU.ActiveCfg = Debug|Any CPU
		{C8BAB29F-F569-484C-9A6F-1786C4588FEA}.Debug|Any CPU.Build.0 = Debug|Any CPU
		{C8BAB29F-F569-484C-9A6F-1786C4588FEA}.Release|Any CPU.ActiveCfg = Release|Any CPU
		{C8BAB29F-F569-484C-9A6F-1786C4588FEA}.Release|Any CPU.Build.0 = Release|Any CPU
		{A186BECF-9DE2-4891-A6DA-F052BD0BC3F1}.Debug|Any CPU.ActiveCfg = Debug|Any CPU
		{A186BECF-9DE2-4891-A6DA-F052BD0BC3F1}.Debug|Any CPU.Build.0 = Debug|Any CPU
		{A186BECF-9DE2-4891-A6DA-F052BD0BC3F1}.Release|Any CPU.ActiveCfg = Release|Any CPU
		{A186BECF-9DE2-4891-A6DA-F052BD0BC3F1}.Release|Any CPU.Build.0 = Release|Any CPU
		{09494D6B-D703-4E1D-AC49-7B2B4D84BF82}.Debug|Any CPU.ActiveCfg = Debug|Any CPU
		{09494D6B-D703-4E1D-AC49-7B2B4D84BF82}.Debug|Any CPU.Build.0 = Debug|Any CPU
		{09494D6B-D703-4E1D-AC49-7B2B4D84BF82}.Release|Any CPU.ActiveCfg = Release|Any CPU
		{09494D6B-D703-4E1D-AC49-7B2B4D84BF82}.Release|Any CPU.Build.0 = Release|Any CPU
		{05D0820F-F5A8-4584-80D6-D227F90236AF}.Debug|Any CPU.ActiveCfg = Debug|Any CPU
		{05D0820F-F5A8-4584-80D6-D227F90236AF}.Debug|Any CPU.Build.0 = Debug|Any CPU
		{05D0820F-F5A8-4584-80D6-D227F90236AF}.Debug|Any CPU.Deploy.0 = Debug|Any CPU
		{05D0820F-F5A8-4584-80D6-D227F90236AF}.Release|Any CPU.ActiveCfg = Release|Any CPU
		{05D0820F-F5A8-4584-80D6-D227F90236AF}.Release|Any CPU.Build.0 = Release|Any CPU
		{05D0820F-F5A8-4584-80D6-D227F90236AF}.Release|Any CPU.Deploy.0 = Release|Any CPU
	EndGlobalSection
	GlobalSection(SolutionProperties) = preSolution
		HideSolutionNode = FALSE
	EndGlobalSection
	GlobalSection(ExtensibilityGlobals) = postSolution
		SolutionGuid = {7498842E-44B5-48A4-9B4C-05846D1ABB32}
	EndGlobalSection
EndGlobal
